// !$*UTF8*$!
{
	archiveVersion = 1;
	classes = {
	};
	objectVersion = 50;
	objects = {

/* Begin PBXBuildFile section */
		37FB9AAC2320E40500DDF107 /* AppDelegate.swift in Sources */ = {isa = PBXBuildFile; fileRef = 37FB9AAB2320E40500DDF107 /* AppDelegate.swift */; };
		37FB9AAE2320E40500DDF107 /* ViewController.swift in Sources */ = {isa = PBXBuildFile; fileRef = 37FB9AAD2320E40500DDF107 /* ViewController.swift */; };
		37FB9AB12320E40500DDF107 /* Main.storyboard in Resources */ = {isa = PBXBuildFile; fileRef = 37FB9AAF2320E40500DDF107 /* Main.storyboard */; };
		37FB9AB32320E40600DDF107 /* Assets.xcassets in Resources */ = {isa = PBXBuildFile; fileRef = 37FB9AB22320E40600DDF107 /* Assets.xcassets */; };
		37FB9AB62320E40600DDF107 /* LaunchScreen.storyboard in Resources */ = {isa = PBXBuildFile; fileRef = 37FB9AB42320E40600DDF107 /* LaunchScreen.storyboard */; };
		37FB9ABF2320E50C00DDF107 /* PagingView.xib in Resources */ = {isa = PBXBuildFile; fileRef = 37FB9ABE2320E50C00DDF107 /* PagingView.xib */; };
		37FB9AC12320E56200DDF107 /* PagingView.swift in Sources */ = {isa = PBXBuildFile; fileRef = 37FB9AC02320E56200DDF107 /* PagingView.swift */; };
		37FB9AC32320E70300DDF107 /* Default-568h@2x.png in Resources */ = {isa = PBXBuildFile; fileRef = 37FB9AC22320E70300DDF107 /* Default-568h@2x.png */; };
/* End PBXBuildFile section */

/* Begin PBXFileReference section */
		37FB9AA82320E40500DDF107 /* HorizentalPagingManeger.app */ = {isa = PBXFileReference; explicitFileType = wrapper.application; includeInIndex = 0; path = HorizentalPagingManeger.app; sourceTree = BUILT_PRODUCTS_DIR; };
		37FB9AAB2320E40500DDF107 /* AppDelegate.swift */ = {isa = PBXFileReference; lastKnownFileType = sourcecode.swift; path = AppDelegate.swift; sourceTree = "<group>"; };
		37FB9AAD2320E40500DDF107 /* ViewController.swift */ = {isa = PBXFileReference; lastKnownFileType = sourcecode.swift; path = ViewController.swift; sourceTree = "<group>"; };
		37FB9AB02320E40500DDF107 /* Base */ = {isa = PBXFileReference; lastKnownFileType = file.storyboard; name = Base; path = Base.lproj/Main.storyboard; sourceTree = "<group>"; };
		37FB9AB22320E40600DDF107 /* Assets.xcassets */ = {isa = PBXFileReference; lastKnownFileType = folder.assetcatalog; path = Assets.xcassets; sourceTree = "<group>"; };
		37FB9AB52320E40600DDF107 /* Base */ = {isa = PBXFileReference; lastKnownFileType = file.storyboard; name = Base; path = Base.lproj/LaunchScreen.storyboard; sourceTree = "<group>"; };
		37FB9AB72320E40600DDF107 /* Info.plist */ = {isa = PBXFileReference; lastKnownFileType = text.plist.xml; path = Info.plist; sourceTree = "<group>"; };
		37FB9ABE2320E50C00DDF107 /* PagingView.xib */ = {isa = PBXFileReference; lastKnownFileType = file.xib; path = PagingView.xib; sourceTree = "<group>"; };
		37FB9AC02320E56200DDF107 /* PagingView.swift */ = {isa = PBXFileReference; lastKnownFileType = sourcecode.swift; path = PagingView.swift; sourceTree = "<group>"; };
		37FB9AC22320E70300DDF107 /* Default-568h@2x.png */ = {isa = PBXFileReference; lastKnownFileType = image.png; path = "Default-568h@2x.png"; sourceTree = "<group>"; };
/* End PBXFileReference section */

/* Begin PBXFrameworksBuildPhase section */
		37FB9AA52320E40500DDF107 /* Frameworks */ = {
			isa = PBXFrameworksBuildPhase;
			buildActionMask = 2147483647;
			files = (
			);
			runOnlyForDeploymentPostprocessing = 0;
		};
/* End PBXFrameworksBuildPhase section */

/* Begin PBXGroup section */
		37FB9A9F2320E40500DDF107 = {
			isa = PBXGroup;
			children = (
				37FB9AC22320E70300DDF107 /* Default-568h@2x.png */,
				37FB9AAA2320E40500DDF107 /* HorizentalPagingManager */,
				37FB9AA92320E40500DDF107 /* Products */,
			);
			sourceTree = "<group>";
		};
		37FB9AA92320E40500DDF107 /* Products */ = {
			isa = PBXGroup;
			children = (
				37FB9AA82320E40500DDF107 /* HorizentalPagingManeger.app */,
			);
			name = Products;
			sourceTree = "<group>";
		};
		37FB9AAA2320E40500DDF107 /* HorizentalPagingManager */ = {
			isa = PBXGroup;
			children = (
				37FB9ABD2320E47200DDF107 /* PagingManager */,
				37FB9AAB2320E40500DDF107 /* AppDelegate.swift */,
				37FB9AAD2320E40500DDF107 /* ViewController.swift */,
				37FB9AAF2320E40500DDF107 /* Main.storyboard */,
				37FB9AB22320E40600DDF107 /* Assets.xcassets */,
				37FB9AB42320E40600DDF107 /* LaunchScreen.storyboard */,
				37FB9AB72320E40600DDF107 /* Info.plist */,
			);
			path = HorizentalPagingManager;
			sourceTree = "<group>";
		};
		37FB9ABD2320E47200DDF107 /* PagingManager */ = {
			isa = PBXGroup;
			children = (
				37FB9ABE2320E50C00DDF107 /* PagingView.xib */,
				37FB9AC02320E56200DDF107 /* PagingView.swift */,
			);
			path = PagingManager;
			sourceTree = "<group>";
		};
/* End PBXGroup section */

/* Begin PBXNativeTarget section */
		37FB9AA72320E40500DDF107 /* HorizentalPagingManeger */ = {
			isa = PBXNativeTarget;
			buildConfigurationList = 37FB9ABA2320E40600DDF107 /* Build configuration list for PBXNativeTarget "HorizentalPagingManeger" */;
			buildPhases = (
				37FB9AA42320E40500DDF107 /* Sources */,
				37FB9AA52320E40500DDF107 /* Frameworks */,
				37FB9AA62320E40500DDF107 /* Resources */,
			);
			buildRules = (
			);
			dependencies = (
			);
			name = HorizentalPagingManeger;
			productName = HorizentalPagingManeger;
			productReference = 37FB9AA82320E40500DDF107 /* HorizentalPagingManeger.app */;
			productType = "com.apple.product-type.application";
		};
/* End PBXNativeTarget section */

/* Begin PBXProject section */
		37FB9AA02320E40500DDF107 /* Project object */ = {
			isa = PBXProject;
			attributes = {
				LastSwiftUpdateCheck = 1020;
				LastUpgradeCheck = 1020;
				ORGANIZATIONNAME = "Imagine Technologies";
				TargetAttributes = {
					37FB9AA72320E40500DDF107 = {
						CreatedOnToolsVersion = 10.2.1;
					};
				};
			};
			buildConfigurationList = 37FB9AA32320E40500DDF107 /* Build configuration list for PBXProject "HorizentalPagingManager" */;
			compatibilityVersion = "Xcode 9.3";
			developmentRegion = en;
			hasScannedForEncodings = 0;
			knownRegions = (
				en,
				Base,
			);
			mainGroup = 37FB9A9F2320E40500DDF107;
			productRefGroup = 37FB9AA92320E40500DDF107 /* Products */;
			projectDirPath = "";
			projectRoot = "";
			targets = (
				37FB9AA72320E40500DDF107 /* HorizentalPagingManeger */,
			);
		};
/* End PBXProject section */

/* Begin PBXResourcesBuildPhase section */
		37FB9AA62320E40500DDF107 /* Resources */ = {
			isa = PBXResourcesBuildPhase;
			buildActionMask = 2147483647;
			files = (
				37FB9ABF2320E50C00DDF107 /* PagingView.xib in Resources */,
				37FB9AB62320E40600DDF107 /* LaunchScreen.storyboard in Resources */,
				37FB9AB32320E40600DDF107 /* Assets.xcassets in Resources */,
				37FB9AC32320E70300DDF107 /* Default-568h@2x.png in Resources */,
				37FB9AB12320E40500DDF107 /* Main.storyboard in Resources */,
			);
			runOnlyForDeploymentPostprocessing = 0;
		};
/* End PBXResourcesBuildPhase section */

/* Begin PBXSourcesBuildPhase section */
		37FB9AA42320E40500DDF107 /* Sources */ = {
			isa = PBXSourcesBuildPhase;
			buildActionMask = 2147483647;
			files = (
				37FB9AC12320E56200DDF107 /* PagingView.swift in Sources */,
				37FB9AAE2320E40500DDF107 /* ViewController.swift in Sources */,
				37FB9AAC2320E40500DDF107 /* AppDelegate.swift in Sources */,
			);
			runOnlyForDeploymentPostprocessing = 0;
		};
/* End PBXSourcesBuildPhase section */

/* Begin PBXVariantGroup section */
		37FB9AAF2320E40500DDF107 /* Main.storyboard */ = {
			isa = PBXVariantGroup;
			children = (
				37FB9AB02320E40500DDF107 /* Base */,
			);
			name = Main.storyboard;
			sourceTree = "<group>";
		};
		37FB9AB42320E40600DDF107 /* LaunchScreen.storyboard */ = {
			isa = PBXVariantGroup;
			children = (
				37FB9AB52320E40600DDF107 /* Base */,
			);
			name = LaunchScreen.storyboard;
			sourceTree = "<group>";
		};
/* End PBXVariantGroup section */

/* Begin XCBuildConfiguration section */
		37FB9AB82320E40600DDF107 /* Debug */ = {
			isa = XCBuildConfiguration;
			buildSettings = {
				ALWAYS_SEARCH_USER_PATHS = NO;
				CLANG_ANALYZER_NONNULL = YES;
				CLANG_ANALYZER_NUMBER_OBJECT_CONVERSION = YES_AGGRESSIVE;
				CLANG_CXX_LANGUAGE_STANDARD = "gnu++14";
				CLANG_CXX_LIBRARY = "libc++";
				CLANG_ENABLE_MODULES = YES;
				CLANG_ENABLE_OBJC_ARC = YES;
				CLANG_ENABLE_OBJC_WEAK = YES;
				CLANG_WARN_BLOCK_CAPTURE_AUTORELEASING = YES;
				CLANG_WARN_BOOL_CONVERSION = YES;
				CLANG_WARN_COMMA = YES;
				CLANG_WARN_CONSTANT_CONVERSION = YES;
				CLANG_WARN_DEPRECATED_OBJC_IMPLEMENTATIONS = YES;
				CLANG_WARN_DIRECT_OBJC_ISA_USAGE = YES_ERROR;
				CLANG_WARN_DOCUMENTATION_COMMENTS = YES;
				CLANG_WARN_EMPTY_BODY = YES;
				CLANG_WARN_ENUM_CONVERSION = YES;
				CLANG_WARN_INFINITE_RECURSION = YES;
				CLANG_WARN_INT_CONVERSION = YES;
				CLANG_WARN_NON_LITERAL_NULL_CONVERSION = YES;
				CLANG_WARN_OBJC_IMPLICIT_RETAIN_SELF = YES;
				CLANG_WARN_OBJC_LITERAL_CONVERSION = YES;
				CLANG_WARN_OBJC_ROOT_CLASS = YES_ERROR;
				CLANG_WARN_RANGE_LOOP_ANALYSIS = YES;
				CLANG_WARN_STRICT_PROTOTYPES = YES;
				CLANG_WARN_SUSPICIOUS_MOVE = YES;
				CLANG_WARN_UNGUARDED_AVAILABILITY = YES_AGGRESSIVE;
				CLANG_WARN_UNREACHABLE_CODE = YES;
				CLANG_WARN__DUPLICATE_METHOD_MATCH = YES;
				CODE_SIGN_IDENTITY = "iPhone Developer";
				COPY_PHASE_STRIP = NO;
				DEBUG_INFORMATION_FORMAT = dwarf;
				ENABLE_STRICT_OBJC_MSGSEND = YES;
				ENABLE_TESTABILITY = YES;
				GCC_C_LANGUAGE_STANDARD = gnu11;
				GCC_DYNAMIC_NO_PIC = NO;
				GCC_NO_COMMON_BLOCKS = YES;
				GCC_OPTIMIZATION_LEVEL = 0;
				GCC_PREPROCESSOR_DEFINITIONS = (
					"DEBUG=1",
					"$(inherited)",
				);
				GCC_WARN_64_TO_32_BIT_CONVERSION = YES;
				GCC_WARN_ABOUT_RETURN_TYPE = YES_ERROR;
				GCC_WARN_UNDECLARED_SELECTOR = YES;
				GCC_WARN_UNINITIALIZED_AUTOS = YES_AGGRESSIVE;
				GCC_WARN_UNUSED_FUNCTION = YES;
				GCC_WARN_UNUSED_VARIABLE = YES;
				IPHONEOS_DEPLOYMENT_TARGET = 12.2;
				MTL_ENABLE_DEBUG_INFO = INCLUDE_SOURCE;
				MTL_FAST_MATH = YES;
				ONLY_ACTIVE_ARCH = YES;
				SDKROOT = iphoneos;
				SWIFT_ACTIVE_COMPILATION_CONDITIONS = DEBUG;
				SWIFT_OPTIMIZATION_LEVEL = "-Onone";
			};
			name = Debug;
		};
		37FB9AB92320E40600DDF107 /* Release */ = {
			isa = XCBuildConfiguration;
			buildSettings = {
				ALWAYS_SEARCH_USER_PATHS = NO;
				CLANG_ANALYZER_NONNULL = YES;
				CLANG_ANALYZER_NUMBER_OBJECT_CONVERSION = YES_AGGRESSIVE;
				CLANG_CXX_LANGUAGE_STANDARD = "gnu++14";
				CLANG_CXX_LIBRARY = "libc++";
				CLANG_ENABLE_MODULES = YES;
				CLANG_ENABLE_OBJC_ARC = YES;
				CLANG_ENABLE_OBJC_WEAK = YES;
				CLANG_WARN_BLOCK_CAPTURE_AUTORELEASING = YES;
				CLANG_WARN_BOOL_CONVERSION = YES;
				CLANG_WARN_COMMA = YES;
				CLANG_WARN_CONSTANT_CONVERSION = YES;
				CLANG_WARN_DEPRECATED_OBJC_IMPLEMENTATIONS = YES;
				CLANG_WARN_DIRECT_OBJC_ISA_USAGE = YES_ERROR;
				CLANG_WARN_DOCUMENTATION_COMMENTS = YES;
				CLANG_WARN_EMPTY_BODY = YES;
				CLANG_WARN_ENUM_CONVERSION = YES;
				CLANG_WARN_INFINITE_RECURSION = YES;
				CLANG_WARN_INT_CONVERSION = YES;
				CLANG_WARN_NON_LITERAL_NULL_CONVERSION = YES;
				CLANG_WARN_OBJC_IMPLICIT_RETAIN_SELF = YES;
				CLANG_WARN_OBJC_LITERAL_CONVERSION = YES;
				CLANG_WARN_OBJC_ROOT_CLASS = YES_ERROR;
				CLANG_WARN_RANGE_LOOP_ANALYSIS = YES;
				CLANG_WARN_STRICT_PROTOTYPES = YES;
				CLANG_WARN_SUSPICIOUS_MOVE = YES;
				CLANG_WARN_UNGUARDED_AVAILABILITY = YES_AGGRESSIVE;
				CLANG_WARN_UNREACHABLE_CODE = YES;
				CLANG_WARN__DUPLICATE_METHOD_MATCH = YES;
				CODE_SIGN_IDENTITY = "iPhone Developer";
				COPY_PHASE_STRIP = NO;
				DEBUG_INFORMATION_FORMAT = "dwarf-with-dsym";
				ENABLE_NS_ASSERTIONS = NO;
				ENABLE_STRICT_OBJC_MSGSEND = YES;
				GCC_C_LANGUAGE_STANDARD = gnu11;
				GCC_NO_COMMON_BLOCKS = YES;
				GCC_WARN_64_TO_32_BIT_CONVERSION = YES;
				GCC_WARN_ABOUT_RETURN_TYPE = YES_ERROR;
				GCC_WARN_UNDECLARED_SELECTOR = YES;
				GCC_WARN_UNINITIALIZED_AUTOS = YES_AGGRESSIVE;
				GCC_WARN_UNUSED_FUNCTION = YES;
				GCC_WARN_UNUSED_VARIABLE = YES;
				IPHONEOS_DEPLOYMENT_TARGET = 12.2;
				MTL_ENABLE_DEBUG_INFO = NO;
				MTL_FAST_MATH = YES;
				SDKROOT = iphoneos;
				SWIFT_COMPILATION_MODE = wholemodule;
				SWIFT_OPTIMIZATION_LEVEL = "-O";
				VALIDATE_PRODUCT = YES;
			};
			name = Release;
		};
		37FB9ABB2320E40600DDF107 /* Debug */ = {
			isa = XCBuildConfiguration;
			buildSettings = {
				ASSETCATALOG_COMPILER_APPICON_NAME = AppIcon;
				CODE_SIGN_STYLE = Automatic;
				DEVELOPMENT_TEAM = LT6MNHQ4GW;
				INFOPLIST_FILE = "$(SRCROOT)/HorizentalPagingManager/Info.plist";
				LD_RUNPATH_SEARCH_PATHS = (
					"$(inherited)",
					"@executable_path/Frameworks",
				);
				PRODUCT_BUNDLE_IDENTIFIER = com.imagine.HorizentalPagingManeger;
				PRODUCT_NAME = "$(TARGET_NAME)";
				SWIFT_VERSION = 5.0;
				TARGETED_DEVICE_FAMILY = "1,2";
			};
			name = Debug;
		};
		37FB9ABC2320E40600DDF107 /* Release */ = {
			isa = XCBuildConfiguration;
			buildSettings = {
				ASSETCATALOG_COMPILER_APPICON_NAME = AppIcon;
				CODE_SIGN_STYLE = Automatic;
				DEVELOPMENT_TEAM = LT6MNHQ4GW;
				INFOPLIST_FILE = "$(SRCROOT)/HorizentalPagingManager/Info.plist";
				LD_RUNPATH_SEARCH_PATHS = (
					"$(inherited)",
					"@executable_path/Frameworks",
				);
				PRODUCT_BUNDLE_IDENTIFIER = com.imagine.HorizentalPagingManeger;
				PRODUCT_NAME = "$(TARGET_NAME)";
				SWIFT_VERSION = 5.0;
				TARGETED_DEVICE_FAMILY = "1,2";
			};
			name = Release;
		};
/* End XCBuildConfiguration section */

/* Begin XCConfigurationList section */
		37FB9AA32320E40500DDF107 /* Build configuration list for PBXProject "HorizentalPagingManager" */ = {
			isa = XCConfigurationList;
			buildConfigurations = (
				37FB9AB82320E40600DDF107 /* Debug */,
				37FB9AB92320E40600DDF107 /* Release */,
			);
			defaultConfigurationIsVisible = 0;
			defaultConfigurationName = Release;
		};
		37FB9ABA2320E40600DDF107 /* Build configuration list for PBXNativeTarget "HorizentalPagingManeger" */ = {
			isa = XCConfigurationList;
			buildConfigurations = (
				37FB9ABB2320E40600DDF107 /* Debug */,
				37FB9ABC2320E40600DDF107 /* Release */,
			);
			defaultConfigurationIsVisible = 0;
			defaultConfigurationName = Release;
		};
/* End XCConfigurationList section */
	};
	rootObject = 37FB9AA02320E40500DDF107 /* Project object */;
}
